
Microsoft Visual Studio Solution File, Format Version 12.00
# Visual Studio Version 16
VisualStudioVersion = 16.0.30225.117
MinimumVisualStudioVersion = 10.0.40219.1
Project("{9A19103F-16F7-4668-BE54-9A1E7A4F7556}") = "LessSharp.WebApi", "LessSharp.WebApi\LessSharp.WebApi.csproj", "{8D1DB4C1-E9BD-44BC-81DA-3D1761476647}"
EndProject
Project("{2150E333-8FDC-42A3-9474-1A3956D46DE8}") = "1.Web", "1.Web", "{7AD7F6A3-1770-4CD5-B668-DC25235514FB}"
EndProject
Project("{2150E333-8FDC-42A3-9474-1A3956D46DE8}") = "2.服务", "2.服务", "{319CE436-C737-42BD-908B-21C1400EFB0C}"
EndProject
Project("{2150E333-8FDC-42A3-9474-1A3956D46DE8}") = "5.公共", "5.公共", "{B380687E-F311-4DCC-AA65-ED6C69203A5A}"
EndProject
Project("{9A19103F-16F7-4668-BE54-9A1E7A4F7556}") = "LessSharp.Common", "LessSharp.Common\LessSharp.Common.csproj", "{2CC3D417-B073-4823-A4AC-A401F0904383}"
EndProject
Project("{2150E333-8FDC-42A3-9474-1A3956D46DE8}") = "3.数据", "3.数据", "{0B3CC958-AB93-4B02-930D-9A3A56C66133}"
EndProject
Project("{2150E333-8FDC-42A3-9474-1A3956D46DE8}") = "4.模型", "4.模型", "{06A73D10-F7EC-4D17-9B9B-686E1ADD0C0B}"
EndProject
Project("{9A19103F-16F7-4668-BE54-9A1E7A4F7556}") = "LessSharp.Option", "LessSharp.Option\LessSharp.Option.csproj", "{DFDB892E-7DDC-40A4-A766-0CAF7496B91D}"
EndProject
Project("{9A19103F-16F7-4668-BE54-9A1E7A4F7556}") = "LessSharp.Dto", "LessSharp.Dto\LessSharp.Dto.csproj", "{A055FCE2-5878-40BA-868B-7D5CCCF01590}"
EndProject
Project("{9A19103F-16F7-4668-BE54-9A1E7A4F7556}") = "LessSharp.Service", "LessSharp.Service\LessSharp.Service.csproj", "{8F584CA8-AE0F-45A7-9DE7-43DD8AD39B1E}"
EndProject
Project("{9A19103F-16F7-4668-BE54-9A1E7A4F7556}") = "LessSharp.Data", "LessSharp.Data\LessSharp.Data.csproj", "{0A57094C-4B40-429E-B00A-ACF3DB8A6110}"
EndProject
Project("{9A19103F-16F7-4668-BE54-9A1E7A4F7556}") = "LessSharp.EntityConfiguration", "LessSharp.EntityConfiguration\LessSharp.EntityConfiguration.csproj", "{2445BEB1-6DE2-4A7F-A0B7-B952B2721F15}"
EndProject
Project("{9A19103F-16F7-4668-BE54-9A1E7A4F7556}") = "LessSharp.Entity", "LessSharp.Entity\LessSharp.Entity.csproj", "{036C69F9-181B-40FE-B05E-E6B19969BB28}"
EndProject
Project("{9A19103F-16F7-4668-BE54-9A1E7A4F7556}") = "LessSharp.ApiService", "LessSharp.ApiService\LessSharp.ApiService.csproj", "{62FAD05F-F5DF-4027-B538-A6EABBEC3E09}"
EndProject
Project("{9A19103F-16F7-4668-BE54-9A1E7A4F7556}") = "LessSharp.MapperConfiguration", "LessSharp.MapperConfiguration\LessSharp.MapperConfiguration.csproj", "{BCEAEC19-C34F-4475-A339-D70F2CF14439}"
EndProject
Project("{9A19103F-16F7-4668-BE54-9A1E7A4F7556}") = "LessSharp.EFHelperConsole", "LessSharp.EFHelperConsole\LessSharp.EFHelperConsole.csproj", "{E481F47D-60C9-4DBB-8E51-3DD42783F410}"
EndProject
Project("{9A19103F-16F7-4668-BE54-9A1E7A4F7556}") = "LessSharp.EFHelper", "LessSharp.EFHelper\LessSharp.EFHelper.csproj", "{9D59F09D-F92D-4F0F-96E7-0B3BB5CCBF1F}"
EndProject
Global
	GlobalSection(SolutionConfigurationPlatforms) = preSolution
		Debug|Any CPU = Debug|Any CPU
		Release|Any CPU = Release|Any CPU
	EndGlobalSection
	GlobalSection(ProjectConfigurationPlatforms) = postSolution
		{8D1DB4C1-E9BD-44BC-81DA-3D1761476647}.Debug|Any CPU.ActiveCfg = Debug|Any CPU
		{8D1DB4C1-E9BD-44BC-81DA-3D1761476647}.Debug|Any CPU.Build.0 = Debug|Any CPU
		{8D1DB4C1-E9BD-44BC-81DA-3D1761476647}.Release|Any CPU.ActiveCfg = Release|Any CPU
		{8D1DB4C1-E9BD-44BC-81DA-3D1761476647}.Release|Any CPU.Build.0 = Release|Any CPU
		{2CC3D417-B073-4823-A4AC-A401F0904383}.Debug|Any CPU.ActiveCfg = Debug|Any CPU
		{2CC3D417-B073-4823-A4AC-A401F0904383}.Debug|Any CPU.Build.0 = Debug|Any CPU
		{2CC3D417-B073-4823-A4AC-A401F0904383}.Release|Any CPU.ActiveCfg = Release|Any CPU
		{2CC3D417-B073-4823-A4AC-A401F0904383}.Release|Any CPU.Build.0 = Release|Any CPU
		{DFDB892E-7DDC-40A4-A766-0CAF7496B91D}.Debug|Any CPU.ActiveCfg = Debug|Any CPU
		{DFDB892E-7DDC-40A4-A766-0CAF7496B91D}.Debug|Any CPU.Build.0 = Debug|Any CPU
		{DFDB892E-7DDC-40A4-A766-0CAF7496B91D}.Release|Any CPU.ActiveCfg = Release|Any CPU
		{DFDB892E-7DDC-40A4-A766-0CAF7496B91D}.Release|Any CPU.Build.0 = Release|Any CPU
		{A055FCE2-5878-40BA-868B-7D5CCCF01590}.Debug|Any CPU.ActiveCfg = Debug|Any CPU
		{A055FCE2-5878-40BA-868B-7D5CCCF01590}.Debug|Any CPU.Build.0 = Debug|Any CPU
		{A055FCE2-5878-40BA-868B-7D5CCCF01590}.Release|Any CPU.ActiveCfg = Release|Any CPU
		{A055FCE2-5878-40BA-868B-7D5CCCF01590}.Release|Any CPU.Build.0 = Release|Any CPU
		{8F584CA8-AE0F-45A7-9DE7-43DD8AD39B1E}.Debug|Any CPU.ActiveCfg = Debug|Any CPU
		{8F584CA8-AE0F-45A7-9DE7-43DD8AD39B1E}.Debug|Any CPU.Build.0 = Debug|Any CPU
		{8F584CA8-AE0F-45A7-9DE7-43DD8AD39B1E}.Release|Any CPU.ActiveCfg = Release|Any CPU
		{8F584CA8-AE0F-45A7-9DE7-43DD8AD39B1E}.Release|Any CPU.Build.0 = Release|Any CPU
		{0A57094C-4B40-429E-B00A-ACF3DB8A6110}.Debug|Any CPU.ActiveCfg = Debug|Any CPU
		{0A57094C-4B40-429E-B00A-ACF3DB8A6110}.Debug|Any CPU.Build.0 = Debug|Any CPU
		{0A57094C-4B40-429E-B00A-ACF3DB8A6110}.Release|Any CPU.ActiveCfg = Release|Any CPU
		{0A57094C-4B40-429E-B00A-ACF3DB8A6110}.Release|Any CPU.Build.0 = Release|Any CPU
		{2445BEB1-6DE2-4A7F-A0B7-B952B2721F15}.Debug|Any CPU.ActiveCfg = Debug|Any CPU
		{2445BEB1-6DE2-4A7F-A0B7-B952B2721F15}.Debug|Any CPU.Build.0 = Debug|Any CPU
		{2445BEB1-6DE2-4A7F-A0B7-B952B2721F15}.Release|Any CPU.ActiveCfg = Release|Any CPU
		{2445BEB1-6DE2-4A7F-A0B7-B952B2721F15}.Release|Any CPU.Build.0 = Release|Any CPU
		{036C69F9-181B-40FE-B05E-E6B19969BB28}.Debug|Any CPU.ActiveCfg = Debug|Any CPU
		{036C69F9-181B-40FE-B05E-E6B19969BB28}.Debug|Any CPU.Build.0 = Debug|Any CPU
		{036C69F9-181B-40FE-B05E-E6B19969BB28}.Release|Any CPU.ActiveCfg = Release|Any CPU
		{036C69F9-181B-40FE-B05E-E6B19969BB28}.Release|Any CPU.Build.0 = Release|Any CPU
		{62FAD05F-F5DF-4027-B538-A6EABBEC3E09}.Debug|Any CPU.ActiveCfg = Debug|Any CPU
		{62FAD05F-F5DF-4027-B538-A6EABBEC3E09}.Debug|Any CPU.Build.0 = Debug|Any CPU
		{62FAD05F-F5DF-4027-B538-A6EABBEC3E09}.Release|Any CPU.ActiveCfg = Release|Any CPU
		{62FAD05F-F5DF-4027-B538-A6EABBEC3E09}.Release|Any CPU.Build.0 = Release|Any CPU
		{BCEAEC19-C34F-4475-A339-D70F2CF14439}.Debug|Any CPU.ActiveCfg = Debug|Any CPU
		{BCEAEC19-C34F-4475-A339-D70F2CF14439}.Debug|Any CPU.Build.0 = Debug|Any CPU
		{BCEAEC19-C34F-4475-A339-D70F2CF14439}.Release|Any CPU.ActiveCfg = Release|Any CPU
		{BCEAEC19-C34F-4475-A339-D70F2CF14439}.Release|Any CPU.Build.0 = Release|Any CPU
		{E481F47D-60C9-4DBB-8E51-3DD42783F410}.Debug|Any CPU.ActiveCfg = Debug|Any CPU
		{E481F47D-60C9-4DBB-8E51-3DD42783F410}.Debug|Any CPU.Build.0 = Debug|Any CPU
		{E481F47D-60C9-4DBB-8E51-3DD42783F410}.Release|Any CPU.ActiveCfg = Release|Any CPU
		{E481F47D-60C9-4DBB-8E51-3DD42783F410}.Release|Any CPU.Build.0 = Release|Any CPU
		{9D59F09D-F92D-4F0F-96E7-0B3BB5CCBF1F}.Debug|Any CPU.ActiveCfg = Debug|Any CPU
		{9D59F09D-F92D-4F0F-96E7-0B3BB5CCBF1F}.Debug|Any CPU.Build.0 = Debug|Any CPU
		{9D59F09D-F92D-4F0F-96E7-0B3BB5CCBF1F}.Release|Any CPU.ActiveCfg = Release|Any CPU
		{9D59F09D-F92D-4F0F-96E7-0B3BB5CCBF1F}.Release|Any CPU.Build.0 = Release|Any CPU
	EndGlobalSection
	GlobalSection(SolutionProperties) = preSolution
		HideSolutionNode = FALSE
	EndGlobalSection
	GlobalSection(NestedProjects) = preSolution
		{8D1DB4C1-E9BD-44BC-81DA-3D1761476647} = {7AD7F6A3-1770-4CD5-B668-DC25235514FB}
		{2CC3D417-B073-4823-A4AC-A401F0904383} = {B380687E-F311-4DCC-AA65-ED6C69203A5A}
		{DFDB892E-7DDC-40A4-A766-0CAF7496B91D} = {06A73D10-F7EC-4D17-9B9B-686E1ADD0C0B}
		{A055FCE2-5878-40BA-868B-7D5CCCF01590} = {06A73D10-F7EC-4D17-9B9B-686E1ADD0C0B}
		{8F584CA8-AE0F-45A7-9DE7-43DD8AD39B1E} = {319CE436-C737-42BD-908B-21C1400EFB0C}
		{0A57094C-4B40-429E-B00A-ACF3DB8A6110} = {0B3CC958-AB93-4B02-930D-9A3A56C66133}
		{2445BEB1-6DE2-4A7F-A0B7-B952B2721F15} = {0B3CC958-AB93-4B02-930D-9A3A56C66133}
		{036C69F9-181B-40FE-B05E-E6B19969BB28} = {06A73D10-F7EC-4D17-9B9B-686E1ADD0C0B}
		{62FAD05F-F5DF-4027-B538-A6EABBEC3E09} = {319CE436-C737-42BD-908B-21C1400EFB0C}
		{BCEAEC19-C34F-4475-A339-D70F2CF14439} = {319CE436-C737-42BD-908B-21C1400EFB0C}
		{E481F47D-60C9-4DBB-8E51-3DD42783F410} = {0B3CC958-AB93-4B02-930D-9A3A56C66133}
		{9D59F09D-F92D-4F0F-96E7-0B3BB5CCBF1F} = {0B3CC958-AB93-4B02-930D-9A3A56C66133}
	EndGlobalSection
	GlobalSection(ExtensibilityGlobals) = postSolution
		SolutionGuid = {3F381254-ED3F-4769-8B5E-5393A7A4477F}
	EndGlobalSection
EndGlobal
